[root]
name = "altos_rust"
version = "0.1.0"
dependencies = [
 "cortex_m0 0.1.0 (git+https://github.com/AltOS-Rust/cm0-port)",
]

[[package]]
name = "altos-macros"
version = "0.1.0"
source = "git+https://github.com/AltOS-Rust/altos-core#af09f205c41f6f83972813d3b55a56d90252340e"

[[package]]
name = "altos_core"
version = "0.1.0"
source = "git+https://github.com/AltOS-Rust/altos-core#af09f205c41f6f83972813d3b55a56d90252340e"
dependencies = [
 "altos-macros 0.1.0 (git+https://github.com/AltOS-Rust/altos-core)",
 "cm0_atomic 0.1.0 (git+https://github.com/AltOS-Rust/cm0-atomic)",
 "free_list_allocator 0.1.0 (git+https://github.com/AltOS-Rust/altos-core)",
 "volatile-ptr 0.1.0 (git+https://github.com/AltOS-Rust/volatile)",
]

[[package]]
name = "arm"
version = "0.1.0"
source = "git+https://github.com/AltOS-Rust/cm0-port#a861b2fb59b98a382e8329fd5bf07fdeef997ea3"

[[package]]
name = "cm0_atomic"
version = "0.1.0"
source = "git+https://github.com/AltOS-Rust/cm0-atomic#16635e377a1a116f3cd1aea34738c54b9627b8c5"

[[package]]
name = "cm0_sync"
version = "0.1.0"
source = "git+https://github.com/AltOS-Rust/altos-core#af09f205c41f6f83972813d3b55a56d90252340e"
dependencies = [
 "cm0_atomic 0.1.0 (git+https://github.com/AltOS-Rust/cm0-atomic)",
]

[[package]]
name = "cortex_m0"
version = "0.1.0"
source = "git+https://github.com/AltOS-Rust/cm0-port#a861b2fb59b98a382e8329fd5bf07fdeef997ea3"
dependencies = [
 "altos-macros 0.1.0 (git+https://github.com/AltOS-Rust/altos-core)",
 "altos_core 0.1.0 (git+https://github.com/AltOS-Rust/altos-core)",
 "arm 0.1.0 (git+https://github.com/AltOS-Rust/cm0-port)",
 "volatile-ptr 0.1.0 (git+https://github.com/AltOS-Rust/volatile)",
]

[[package]]
name = "free_list_allocator"
version = "0.1.0"
source = "git+https://github.com/AltOS-Rust/altos-core#af09f205c41f6f83972813d3b55a56d90252340e"
dependencies = [
 "altos-macros 0.1.0 (git+https://github.com/AltOS-Rust/altos-core)",
 "cm0_atomic 0.1.0 (git+https://github.com/AltOS-Rust/cm0-atomic)",
 "cm0_sync 0.1.0 (git+https://github.com/AltOS-Rust/altos-core)",
]

[[package]]
name = "volatile-ptr"
version = "0.1.0"
source = "git+https://github.com/AltOS-Rust/volatile#a6c4b3d8393017d8db85e71deee8867ea2476f1e"

[metadata]
"checksum altos-macros 0.1.0 (git+https://github.com/AltOS-Rust/altos-core)" = "<none>"
"checksum altos_core 0.1.0 (git+https://github.com/AltOS-Rust/altos-core)" = "<none>"
"checksum arm 0.1.0 (git+https://github.com/AltOS-Rust/cm0-port)" = "<none>"
"checksum cm0_atomic 0.1.0 (git+https://github.com/AltOS-Rust/cm0-atomic)" = "<none>"
"checksum cm0_sync 0.1.0 (git+https://github.com/AltOS-Rust/altos-core)" = "<none>"
"checksum cortex_m0 0.1.0 (git+https://github.com/AltOS-Rust/cm0-port)" = "<none>"
"checksum free_list_allocator 0.1.0 (git+https://github.com/AltOS-Rust/altos-core)" = "<none>"
"checksum volatile-ptr 0.1.0 (git+https://github.com/AltOS-Rust/volatile)" = "<none>"
